<?xml version="1.0" encoding="utf-8"?>
<Project ToolsVersion="4.0" xmlns="http://schemas.microsoft.com/developer/msbuild/2003">
  <ItemGroup>
    <ClInclude Include="Core\IDamageable.h">
      <Filter>Core</Filter>
    </ClInclude>
    <ClInclude Include="Entities\Monster.h">
      <Filter>Entities</Filter>
    </ClInclude>
    <ClInclude Include="Entities\Player.h">
      <Filter>Entities</Filter>
    </ClInclude>
    <ClInclude Include="Entities\Slime.h">
      <Filter>Entities</Filter>
    </ClInclude>
    <ClInclude Include="Items\Weapon.h">
      <Filter>Items</Filter>
    </ClInclude>
    <ClInclude Include="Items\WoodBox.h">
      <Filter>Items</Filter>
    </ClInclude>
  </ItemGroup>
  <ItemGroup>
    <ClCompile Include="Core\main.cpp">
      <Filter>Core</Filter>
    </ClCompile>
    <ClCompile Include="Entities\Monster.cpp">
      <Filter>Entities</Filter>
    </ClCompile>
    <ClCompile Include="Entities\Player.cpp">
      <Filter>Entities</Filter>
    </ClCompile>
    <ClCompile Include="Entities\Slime.cpp">
      <Filter>Entities</Filter>
    </ClCompile>
    <ClCompile Include="Items\Weapon.cpp">
      <Filter>Items</Filter>
    </ClCompile>
  </ItemGroup>
  <ItemGroup>
    <Filter Include="Core">
      <UniqueIdentifier>{786645e7-8f8d-45f0-92e7-557f9888606e}</UniqueIdentifier>
    </Filter>
    <Filter Include="Entities">
      <UniqueIdentifier>{47d7e787-3e1e-487b-98e1-a146b9ff22af}</UniqueIdentifier>
    </Filter>
    <Filter Include="Items">
      <UniqueIdentifier>{d23b6b79-f848-4c16-a694-03284890827f}</UniqueIdentifier>
    </Filter>
  </ItemGroup>
</Project>